
Microsoft Visual Studio Solution File, Format Version 12.00
# Visual Studio Version 17
VisualStudioVersion = 17.2.32630.192
MinimumVisualStudioVersion = 10.0.40219.1
Project("{F184B08F-C81C-45F6-A57F-5ABD9991F28F}") = "Solution", "Solution\Solution.vbproj", "{33B06687-8018-432C-81F3-0EF95877BF4B}"
EndProject
Global
	GlobalSection(SolutionConfigurationPlatforms) = preSolution
		Debug|Any CPU = Debug|Any CPU
		Release|Any CPU = Release|Any CPU
	EndGlobalSection
	GlobalSection(ProjectConfigurationPlatforms) = postSolution
		{33B06687-8018-432C-81F3-0EF95877BF4B}.Debug|Any CPU.ActiveCfg = Debug|Any CPU
		{33B06687-8018-432C-81F3-0EF95877BF4B}.Debug|Any CPU.Build.0 = Debug|Any CPU
		{33B06687-8018-432C-81F3-0EF95877BF4B}.Release|Any CPU.ActiveCfg = Release|Any CPU
		{33B06687-8018-432C-81F3-0EF95877BF4B}.Release|Any CPU.Build.0 = Release|Any CPU
	EndGlobalSection
	GlobalSection(SolutionProperties) = preSolution
		HideSolutionNode = FALSE
	EndGlobalSection
	GlobalSection(ExtensibilityGlobals) = postSolution
		SolutionGuid = {1F340079-B8BD-4F58-9FA9-91289C803B36}
	EndGlobalSection
EndGlobal
